
Microsoft Visual Studio Solution File, Format Version 12.00
# Visual Studio Version 17
VisualStudioVersion = 17.11.35219.272
MinimumVisualStudioVersion = 10.0.40219.1
Project("{FAE04EC0-301F-11D3-BF4B-00C04F79EFBC}") = "HW7", "HW7\HW7.csproj", "{B99E1286-5305-4D86-8CEF-59DFD9184AD4}"
EndProject
Global
	GlobalSection(SolutionConfigurationPlatforms) = preSolution
		Debug|Any CPU = Debug|Any CPU
		Release|Any CPU = Release|Any CPU
	EndGlobalSection
	GlobalSection(ProjectConfigurationPlatforms) = postSolution
		{B99E1286-5305-4D86-8CEF-59DFD9184AD4}.Debug|Any CPU.ActiveCfg = Debug|Any CPU
		{B99E1286-5305-4D86-8CEF-59DFD9184AD4}.Debug|Any CPU.Build.0 = Debug|Any CPU
		{B99E1286-5305-4D86-8CEF-59DFD9184AD4}.Release|Any CPU.ActiveCfg = Release|Any CPU
		{B99E1286-5305-4D86-8CEF-59DFD9184AD4}.Release|Any CPU.Build.0 = Release|Any CPU
	EndGlobalSection
	GlobalSection(SolutionProperties) = preSolution
		HideSolutionNode = FALSE
	EndGlobalSection
	GlobalSection(ExtensibilityGlobals) = postSolution
		SolutionGuid = {2624D288-4F49-488F-BF40-1CC38D946740}
	EndGlobalSection
EndGlobal
